
Microsoft Visual Studio Solution File, Format Version 12.00
# Visual Studio Version 17
VisualStudioVersion = 17.0.32002.185
MinimumVisualStudioVersion = 10.0.40219.1
Project("{FAE04EC0-301F-11D3-BF4B-00C04F79EFBC}") = "ecommorce1.21.12.21", "ecommorce1.21.12.21\ecommorce1.21.12.21.csproj", "{2D01BD8E-C5F9-4858-821F-129C355FC0E6}"
EndProject
Global
	GlobalSection(SolutionConfigurationPlatforms) = preSolution
		Debug|Any CPU = Debug|Any CPU
		Release|Any CPU = Release|Any CPU
	EndGlobalSection
	GlobalSection(ProjectConfigurationPlatforms) = postSolution
		{2D01BD8E-C5F9-4858-821F-129C355FC0E6}.Debug|Any CPU.ActiveCfg = Debug|Any CPU
		{2D01BD8E-C5F9-4858-821F-129C355FC0E6}.Debug|Any CPU.Build.0 = Debug|Any CPU
		{2D01BD8E-C5F9-4858-821F-129C355FC0E6}.Release|Any CPU.ActiveCfg = Release|Any CPU
		{2D01BD8E-C5F9-4858-821F-129C355FC0E6}.Release|Any CPU.Build.0 = Release|Any CPU
	EndGlobalSection
	GlobalSection(SolutionProperties) = preSolution
		HideSolutionNode = FALSE
	EndGlobalSection
	GlobalSection(ExtensibilityGlobals) = postSolution
		SolutionGuid = {90529544-57F7-498D-83EF-BC229D682C4C}
	EndGlobalSection
EndGlobal
